PODS:
  - AFNetworking (1.3.2)
  - Bolts (1.2.1):
    - Bolts/AppLinks (= 1.2.1)
    - Bolts/Tasks (= 1.2.1)
  - Bolts/AppLinks (1.2.1):
    - Bolts/Tasks
  - Bolts/Tasks (1.2.1)
  - Facebook-iOS-SDK (3.23.2):
    - Bolts (~> 1.0)
  - MagicalRecord (2.1):
    - MagicalRecord/Core (= 2.1)
  - MagicalRecord/Core (2.1)
  - MKStoreKit (4.99)
  - PKMultipartInputStream (1.1.0)
  - Reachability (3.2)
  - SAMTextView (0.2.2)
  - SDWebImage (3.7.3):
    - SDWebImage/Core (= 3.7.3)
  - SDWebImage/Core (3.7.3)
  - ShareKit/Core (4.0.4):
    - PKMultipartInputStream
    - SAMTextView (~> 0.2.1)
    - SDWebImage (~> 3.7)
    - ShareKit/Reachability
    - SSKeychain (~> 1.2.2)
    - UIActivityIndicator-for-SDWebImage (~> 1.2)
  - ShareKit/Facebook (4.0.4):
    - Facebook-iOS-SDK (~> 3.2)
    - ShareKit/Core
  - ShareKit/Reachability (4.0.4)
  - ShareKit/Twitter (4.0.4):
    - ShareKit/Core
  - ShareKit/Vkontakte (4.0.4):
    - ShareKit/Core
  - SSKeychain (1.2.3)
  - SSToolkit (1.0.4)
  - SVProgressHUD (1.1.3)
  - UCZProgressView (1.0.2)
  - UIActivityIndicator-for-SDWebImage (1.2):
    - SDWebImage (~> 3.7)

DEPENDENCIES:
  - AFNetworking (= 1.3.2)
  - MagicalRecord (= 2.1)
  - MKStoreKit
  - Reachability
  - SDWebImage
  - ShareKit/Facebook
  - ShareKit/Twitter
  - ShareKit/Vkontakte
  - SSToolkit (from `https://github.com/soffes/sstoolkit.git`, commit `1403f02cb98f8357f4b8e43c59d9c69d608d7bed`)
  - SVProgressHUD
  - UCZProgressView

EXTERNAL SOURCES:
  SSToolkit:
    :commit: 1403f02cb98f8357f4b8e43c59d9c69d608d7bed
    :git: https://github.com/soffes/sstoolkit.git

CHECKOUT OPTIONS:
  SSToolkit:
    :commit: 1403f02cb98f8357f4b8e43c59d9c69d608d7bed
    :git: https://github.com/soffes/sstoolkit.git

SPEC CHECKSUMS:
  AFNetworking: 9168af1ebe62092499df4398ecb5e7b885e6a250
  Bolts: 7686a5cb204d1ac54cee26f12d9b7622db3f80d1
  Facebook-iOS-SDK: cd87f0b2f0c1d9574b44e8fa2baacc275524bac3
  MagicalRecord: f03ffa9c9b90eeb8d4f1b37bedcba8b7226d7a55
  MKStoreKit: 748617e5f87ad1e0d3f075155047945248eccefc
  PKMultipartInputStream: 1fb466fac9347857e3477e4dfc6fcc62fea7a944
  Reachability: 33e18b67625424e47b6cde6d202dce689ad7af96
  SAMTextView: 979c43bb1fa5859ddfbfeb35e9c296a2b0ec55fd
  SDWebImage: 1d2b1a1efda1ade1b00b6f8498865f8ddedc8a84
  ShareKit: 48a9a3aed20d4b59b49ae3c8efdbb46e95beab33
  SSKeychain: 3f42991739c6c60a9cf1bbd4dff6c0d3694bcf3d
  SSToolkit: 689acaedac79c2079e492e528a55bcb5db9d98c4
  SVProgressHUD: 748080e4f36e603f6c02aec292664239df5279c1
  UCZProgressView: 55836987c15ee6efb7cd6dfe297556602ee46c94
  UIActivityIndicator-for-SDWebImage: 7bf7ebbf0ed1747dedc0d6e949c4603a6d0f9e0c

COCOAPODS: 0.35.0
